{
  "version": 4,
  "terraform_version": "1.3.5",
  "serial": 11,
  "lineage": "9ca30c95-4410-fd24-2e65-020b5710be96",
  "outputs": {
    "my_ip": {
      "value": "190.43.41.12",
      "type": "string"
    }
  },
  "resources": [
    {
      "mode": "data",
      "type": "external",
      "name": "my_p_ip",
      "provider": "provider[\"registry.terraform.io/hashicorp/external\"]",
      "instances": [
        {
          "schema_version": 0,
          "attributes": {
            "id": "-",
            "program": [
              "bash",
              "./external/getmyip.sh"
            ],
            "query": null,
            "result": {
              "ip": "190.43.41.12"
            },
            "working_dir": null
          },
          "sensitive_attributes": []
        }
      ]
    },
    {
      "module": "module.keyvault_module",
      "mode": "data",
      "type": "azurerm_client_config",
      "name": "current",
      "provider": "provider[\"registry.terraform.io/hashicorp/azurerm\"]",
      "instances": [
        {
          "schema_version": 0,
          "attributes": {
            "client_id": "62102426-cd63-48b1-9aca-bf85164b86c2",
            "id": "Y2xpZW50Q29uZmlncy9jbGllbnRJZD02MjEwMjQyNi1jZDYzLTQ4YjEtOWFjYS1iZjg1MTY0Yjg2YzI7b2JqZWN0SWQ9NjUwMjA4ZmYtY2JlYS00YjAwLTliODQtNThkNWY4NzFkZTg1O3N1YnNjcmlwdGlvbklkPWZkYjY4Y2VhLTcwOTYtNGQ2Yi1iZTFlLTAxNGM5YmJiYmRmNjt0ZW5hbnRJZD1kNzNjOGQwYS04NzQwLTQ2NjItOWI5MS1kNjYyY2ExZDI2MzA=",
            "object_id": "650208ff-cbea-4b00-9b84-58d5f871de85",
            "subscription_id": "fdb68cea-7096-4d6b-be1e-014c9bbbbdf6",
            "tenant_id": "d73c8d0a-8740-4662-9b91-d662ca1d2630",
            "timeouts": null
          },
          "sensitive_attributes": []
        }
      ]
    },
    {
      "module": "module.keyvault_module",
      "mode": "managed",
      "type": "azurerm_key_vault",
      "name": "keyvault",
      "provider": "provider[\"registry.terraform.io/hashicorp/azurerm\"]",
      "instances": [
        {
          "schema_version": 2,
          "attributes": {
            "access_policy": [
              {
                "application_id": "",
                "certificate_permissions": null,
                "key_permissions": [
                  "Get"
                ],
                "object_id": "650208ff-cbea-4b00-9b84-58d5f871de85",
                "secret_permissions": [
                  "Get",
                  "List",
                  "Set",
                  "Delete"
                ],
                "storage_permissions": [
                  "Get"
                ],
                "tenant_id": "d73c8d0a-8740-4662-9b91-d662ca1d2630"
              }
            ],
            "contact": [],
            "enable_rbac_authorization": false,
            "enabled_for_deployment": false,
            "enabled_for_disk_encryption": true,
            "enabled_for_template_deployment": false,
            "id": "/subscriptions/fdb68cea-7096-4d6b-be1e-014c9bbbbdf6/resourceGroups/rg-dv-app-01/providers/Microsoft.KeyVault/vaults/kv-dv-app-01",
            "location": "eastus2",
            "name": "kv-dv-app-01",
            "network_acls": [
              {
                "bypass": "AzureServices",
                "default_action": "Deny",
                "ip_rules": [
                  "190.43.41.12"
                ],
                "virtual_network_subnet_ids": [
                  "/subscriptions/fdb68cea-7096-4d6b-be1e-014c9bbbbdf6/resourceGroups/rg-dv-app-01/providers/Microsoft.Network/virtualNetworks/vnet-dv-app-01/subnets/subnet-dev-01"
                ]
              }
            ],
            "public_network_access_enabled": true,
            "purge_protection_enabled": false,
            "resource_group_name": "rg-dv-app-01",
            "sku_name": "standard",
            "soft_delete_retention_days": 7,
            "tags": {
              "Owner": "Renzo"
            },
            "tenant_id": "d73c8d0a-8740-4662-9b91-d662ca1d2630",
            "timeouts": null,
            "vault_uri": "https://kv-dv-app-01.vault.azure.net/"
          },
          "sensitive_attributes": [],
          "private": "eyJlMmJmYjczMC1lY2FhLTExZTYtOGY4OC0zNDM2M2JjN2M0YzAiOnsiY3JlYXRlIjoxODAwMDAwMDAwMDAwLCJkZWxldGUiOjE4MDAwMDAwMDAwMDAsInJlYWQiOjMwMDAwMDAwMDAwMCwidXBkYXRlIjoxODAwMDAwMDAwMDAwfSwic2NoZW1hX3ZlcnNpb24iOiIyIn0=",
          "dependencies": [
            "data.external.my_p_ip",
            "module.keyvault_module.data.azurerm_client_config.current",
            "module.networking_module.azurerm_network_security_group.appnsg",
            "module.networking_module.azurerm_resource_group.appgrp",
            "module.networking_module.azurerm_subnet.subnet-dv",
            "module.networking_module.azurerm_subnet_network_security_group_association.appnsg-link",
            "module.networking_module.azurerm_virtual_network.appnetwork"
          ]
        }
      ]
    },
    {
      "module": "module.networking_module",
      "mode": "managed",
      "type": "azurerm_network_security_group",
      "name": "appnsg",
      "provider": "provider[\"registry.terraform.io/hashicorp/azurerm\"]",
      "instances": [
        {
          "schema_version": 0,
          "attributes": {
            "id": "/subscriptions/fdb68cea-7096-4d6b-be1e-014c9bbbbdf6/resourceGroups/rg-dv-app-01/providers/Microsoft.Network/networkSecurityGroups/app-nsg",
            "location": "eastus2",
            "name": "app-nsg",
            "resource_group_name": "rg-dv-app-01",
            "security_rule": [
              {
                "access": "Allow",
                "description": "",
                "destination_address_prefix": "*",
                "destination_address_prefixes": [],
                "destination_application_security_group_ids": [],
                "destination_port_range": "3389",
                "destination_port_ranges": [],
                "direction": "Inbound",
                "name": "AllowRDP",
                "priority": 300,
                "protocol": "Tcp",
                "source_address_prefix": "*",
                "source_address_prefixes": [],
                "source_application_security_group_ids": [],
                "source_port_range": "*",
                "source_port_ranges": []
              }
            ],
            "tags": {
              "Owner": "Renzo"
            },
            "timeouts": null
          },
          "sensitive_attributes": [],
          "private": "eyJlMmJmYjczMC1lY2FhLTExZTYtOGY4OC0zNDM2M2JjN2M0YzAiOnsiY3JlYXRlIjoxODAwMDAwMDAwMDAwLCJkZWxldGUiOjE4MDAwMDAwMDAwMDAsInJlYWQiOjMwMDAwMDAwMDAwMCwidXBkYXRlIjoxODAwMDAwMDAwMDAwfX0=",
          "dependencies": [
            "module.networking_module.azurerm_resource_group.appgrp",
            "module.networking_module.azurerm_virtual_network.appnetwork"
          ]
        }
      ]
    },
    {
      "module": "module.networking_module",
      "mode": "managed",
      "type": "azurerm_resource_group",
      "name": "appgrp",
      "provider": "provider[\"registry.terraform.io/hashicorp/azurerm\"]",
      "instances": [
        {
          "schema_version": 0,
          "attributes": {
            "id": "/subscriptions/fdb68cea-7096-4d6b-be1e-014c9bbbbdf6/resourceGroups/rg-dv-app-01",
            "location": "eastus2",
            "name": "rg-dv-app-01",
            "tags": {
              "Owner": "Renzo"
            },
            "timeouts": null
          },
          "sensitive_attributes": [],
          "private": "eyJlMmJmYjczMC1lY2FhLTExZTYtOGY4OC0zNDM2M2JjN2M0YzAiOnsiY3JlYXRlIjo1NDAwMDAwMDAwMDAwLCJkZWxldGUiOjU0MDAwMDAwMDAwMDAsInJlYWQiOjMwMDAwMDAwMDAwMCwidXBkYXRlIjo1NDAwMDAwMDAwMDAwfX0="
        }
      ]
    },
    {
      "module": "module.networking_module",
      "mode": "managed",
      "type": "azurerm_subnet",
      "name": "subnet-dv",
      "provider": "provider[\"registry.terraform.io/hashicorp/azurerm\"]",
      "instances": [
        {
          "schema_version": 0,
          "attributes": {
            "address_prefixes": [
              "10.0.0.0/24"
            ],
            "delegation": [],
            "enforce_private_link_endpoint_network_policies": false,
            "enforce_private_link_service_network_policies": false,
            "id": "/subscriptions/fdb68cea-7096-4d6b-be1e-014c9bbbbdf6/resourceGroups/rg-dv-app-01/providers/Microsoft.Network/virtualNetworks/vnet-dv-app-01/subnets/subnet-dev-01",
            "name": "subnet-dev-01",
            "private_endpoint_network_policies_enabled": true,
            "private_link_service_network_policies_enabled": true,
            "resource_group_name": "rg-dv-app-01",
            "service_endpoint_policy_ids": null,
            "service_endpoints": [
              "Microsoft.KeyVault",
              "Microsoft.Storage"
            ],
            "timeouts": null,
            "virtual_network_name": "vnet-dv-app-01"
          },
          "sensitive_attributes": [],
          "private": "eyJlMmJmYjczMC1lY2FhLTExZTYtOGY4OC0zNDM2M2JjN2M0YzAiOnsiY3JlYXRlIjoxODAwMDAwMDAwMDAwLCJkZWxldGUiOjE4MDAwMDAwMDAwMDAsInJlYWQiOjMwMDAwMDAwMDAwMCwidXBkYXRlIjoxODAwMDAwMDAwMDAwfX0=",
          "dependencies": [
            "module.networking_module.azurerm_resource_group.appgrp",
            "module.networking_module.azurerm_virtual_network.appnetwork"
          ]
        }
      ]
    },
    {
      "module": "module.networking_module",
      "mode": "managed",
      "type": "azurerm_subnet_network_security_group_association",
      "name": "appnsg-link",
      "provider": "provider[\"registry.terraform.io/hashicorp/azurerm\"]",
      "instances": [
        {
          "schema_version": 0,
          "attributes": {
            "id": "/subscriptions/fdb68cea-7096-4d6b-be1e-014c9bbbbdf6/resourceGroups/rg-dv-app-01/providers/Microsoft.Network/virtualNetworks/vnet-dv-app-01/subnets/subnet-dev-01",
            "network_security_group_id": "/subscriptions/fdb68cea-7096-4d6b-be1e-014c9bbbbdf6/resourceGroups/rg-dv-app-01/providers/Microsoft.Network/networkSecurityGroups/app-nsg",
            "subnet_id": "/subscriptions/fdb68cea-7096-4d6b-be1e-014c9bbbbdf6/resourceGroups/rg-dv-app-01/providers/Microsoft.Network/virtualNetworks/vnet-dv-app-01/subnets/subnet-dev-01",
            "timeouts": null
          },
          "sensitive_attributes": [],
          "private": "eyJlMmJmYjczMC1lY2FhLTExZTYtOGY4OC0zNDM2M2JjN2M0YzAiOnsiY3JlYXRlIjoxODAwMDAwMDAwMDAwLCJkZWxldGUiOjE4MDAwMDAwMDAwMDAsInJlYWQiOjMwMDAwMDAwMDAwMCwidXBkYXRlIjoxODAwMDAwMDAwMDAwfX0=",
          "dependencies": [
            "module.networking_module.azurerm_network_security_group.appnsg",
            "module.networking_module.azurerm_resource_group.appgrp",
            "module.networking_module.azurerm_subnet.subnet-dv",
            "module.networking_module.azurerm_virtual_network.appnetwork"
          ]
        }
      ]
    },
    {
      "module": "module.networking_module",
      "mode": "managed",
      "type": "azurerm_virtual_network",
      "name": "appnetwork",
      "provider": "provider[\"registry.terraform.io/hashicorp/azurerm\"]",
      "instances": [
        {
          "schema_version": 0,
          "attributes": {
            "address_space": [
              "10.0.0.0/16"
            ],
            "bgp_community": "",
            "ddos_protection_plan": [],
            "dns_servers": [],
            "edge_zone": "",
            "flow_timeout_in_minutes": 0,
            "guid": "8e6554a3-9e09-4ff3-93bd-70e4e95c72bb",
            "id": "/subscriptions/fdb68cea-7096-4d6b-be1e-014c9bbbbdf6/resourceGroups/rg-dv-app-01/providers/Microsoft.Network/virtualNetworks/vnet-dv-app-01",
            "location": "eastus2",
            "name": "vnet-dv-app-01",
            "resource_group_name": "rg-dv-app-01",
            "subnet": [],
            "tags": {
              "Owner": "Renzo"
            },
            "timeouts": null
          },
          "sensitive_attributes": [],
          "private": "eyJlMmJmYjczMC1lY2FhLTExZTYtOGY4OC0zNDM2M2JjN2M0YzAiOnsiY3JlYXRlIjoxODAwMDAwMDAwMDAwLCJkZWxldGUiOjE4MDAwMDAwMDAwMDAsInJlYWQiOjMwMDAwMDAwMDAwMCwidXBkYXRlIjoxODAwMDAwMDAwMDAwfX0=",
          "dependencies": [
            "module.networking_module.azurerm_resource_group.appgrp"
          ]
        }
      ]
    },
    {
      "module": "module.storage_module",
      "mode": "managed",
      "type": "azurerm_storage_account",
      "name": "storage",
      "provider": "provider[\"registry.terraform.io/hashicorp/azurerm\"]",
      "instances": [
        {
          "schema_version": 3,
          "attributes": {
            "access_tier": "Hot",
            "account_kind": "StorageV2",
            "account_replication_type": "LRS",
            "account_tier": "Standard",
            "allow_nested_items_to_be_public": true,
            "azure_files_authentication": [],
            "blob_properties": [
              {
                "change_feed_enabled": false,
                "change_feed_retention_in_days": 0,
                "container_delete_retention_policy": [],
                "cors_rule": [],
                "default_service_version": "",
                "delete_retention_policy": [],
                "last_access_time_enabled": false,
                "versioning_enabled": false
              }
            ],
            "cross_tenant_replication_enabled": true,
            "custom_domain": [],
            "customer_managed_key": [],
            "default_to_oauth_authentication": false,
            "edge_zone": "",
            "enable_https_traffic_only": true,
            "id": "/subscriptions/fdb68cea-7096-4d6b-be1e-014c9bbbbdf6/resourceGroups/rg-dv-app-01/providers/Microsoft.Storage/storageAccounts/stadv01",
            "identity": [],
            "immutability_policy": [],
            "infrastructure_encryption_enabled": false,
            "is_hns_enabled": false,
            "large_file_share_enabled": null,
            "location": "eastus2",
            "min_tls_version": "TLS1_2",
            "name": "stadv01",
            "network_rules": [
              {
                "bypass": [
                  "AzureServices"
                ],
                "default_action": "Deny",
                "ip_rules": [
                  "190.43.41.12"
                ],
                "private_link_access": [],
                "virtual_network_subnet_ids": [
                  "/subscriptions/fdb68cea-7096-4d6b-be1e-014c9bbbbdf6/resourceGroups/rg-dv-app-01/providers/Microsoft.Network/virtualNetworks/vnet-dv-app-01/subnets/subnet-dev-01"
                ]
              }
            ],
            "nfsv3_enabled": false,
            "primary_access_key": "Z8EubFZ4n4Glyj/+cY/l5Jxc1rbHeg7q+g/cE3LH/ywFF/VXmqeyxQqv2O3C0JUwI5dZqIrh228g+ASt91CQaA==",
            "primary_blob_connection_string": "DefaultEndpointsProtocol=https;BlobEndpoint=https://stadv01.blob.core.windows.net/;AccountName=stadv01;AccountKey=Z8EubFZ4n4Glyj/+cY/l5Jxc1rbHeg7q+g/cE3LH/ywFF/VXmqeyxQqv2O3C0JUwI5dZqIrh228g+ASt91CQaA==",
            "primary_blob_endpoint": "https://stadv01.blob.core.windows.net/",
            "primary_blob_host": "stadv01.blob.core.windows.net",
            "primary_connection_string": "DefaultEndpointsProtocol=https;AccountName=stadv01;AccountKey=Z8EubFZ4n4Glyj/+cY/l5Jxc1rbHeg7q+g/cE3LH/ywFF/VXmqeyxQqv2O3C0JUwI5dZqIrh228g+ASt91CQaA==;EndpointSuffix=core.windows.net",
            "primary_dfs_endpoint": "https://stadv01.dfs.core.windows.net/",
            "primary_dfs_host": "stadv01.dfs.core.windows.net",
            "primary_file_endpoint": "https://stadv01.file.core.windows.net/",
            "primary_file_host": "stadv01.file.core.windows.net",
            "primary_location": "eastus2",
            "primary_queue_endpoint": "https://stadv01.queue.core.windows.net/",
            "primary_queue_host": "stadv01.queue.core.windows.net",
            "primary_table_endpoint": "https://stadv01.table.core.windows.net/",
            "primary_table_host": "stadv01.table.core.windows.net",
            "primary_web_endpoint": "https://stadv01.z20.web.core.windows.net/",
            "primary_web_host": "stadv01.z20.web.core.windows.net",
            "public_network_access_enabled": true,
            "queue_encryption_key_type": "Service",
            "queue_properties": [
              {
                "cors_rule": [],
                "hour_metrics": [
                  {
                    "enabled": true,
                    "include_apis": true,
                    "retention_policy_days": 7,
                    "version": "1.0"
                  }
                ],
                "logging": [
                  {
                    "delete": false,
                    "read": false,
                    "retention_policy_days": 0,
                    "version": "1.0",
                    "write": false
                  }
                ],
                "minute_metrics": [
                  {
                    "enabled": false,
                    "include_apis": false,
                    "retention_policy_days": 0,
                    "version": "1.0"
                  }
                ]
              }
            ],
            "resource_group_name": "rg-dv-app-01",
            "routing": [],
            "sas_policy": [],
            "secondary_access_key": "LfHkhfGWX0o0/lGQy0QNGWwSiwROAtdPCLkUxVy1TO2ixMzoLzyz+sJ9I1XCpfLP6c8QKRq3jrNb+AStOCCRNg==",
            "secondary_blob_connection_string": "",
            "secondary_blob_endpoint": null,
            "secondary_blob_host": null,
            "secondary_connection_string": "DefaultEndpointsProtocol=https;AccountName=stadv01;AccountKey=LfHkhfGWX0o0/lGQy0QNGWwSiwROAtdPCLkUxVy1TO2ixMzoLzyz+sJ9I1XCpfLP6c8QKRq3jrNb+AStOCCRNg==;EndpointSuffix=core.windows.net",
            "secondary_dfs_endpoint": null,
            "secondary_dfs_host": null,
            "secondary_file_endpoint": null,
            "secondary_file_host": null,
            "secondary_location": "",
            "secondary_queue_endpoint": null,
            "secondary_queue_host": null,
            "secondary_table_endpoint": null,
            "secondary_table_host": null,
            "secondary_web_endpoint": null,
            "secondary_web_host": null,
            "share_properties": [
              {
                "cors_rule": [],
                "retention_policy": [
                  {
                    "days": 7
                  }
                ],
                "smb": []
              }
            ],
            "shared_access_key_enabled": true,
            "static_website": [],
            "table_encryption_key_type": "Service",
            "tags": {
              "Owner": "Renzo"
            },
            "timeouts": null
          },
          "sensitive_attributes": [],
          "private": "eyJlMmJmYjczMC1lY2FhLTExZTYtOGY4OC0zNDM2M2JjN2M0YzAiOnsiY3JlYXRlIjozNjAwMDAwMDAwMDAwLCJkZWxldGUiOjM2MDAwMDAwMDAwMDAsInJlYWQiOjMwMDAwMDAwMDAwMCwidXBkYXRlIjozNjAwMDAwMDAwMDAwfSwic2NoZW1hX3ZlcnNpb24iOiIzIn0=",
          "dependencies": [
            "data.external.my_p_ip",
            "module.networking_module.azurerm_network_security_group.appnsg",
            "module.networking_module.azurerm_resource_group.appgrp",
            "module.networking_module.azurerm_subnet.subnet-dv",
            "module.networking_module.azurerm_subnet_network_security_group_association.appnsg-link",
            "module.networking_module.azurerm_virtual_network.appnetwork"
          ]
        }
      ]
    },
    {
      "module": "module.storage_module",
      "mode": "managed",
      "type": "azurerm_storage_blob",
      "name": "blob",
      "provider": "provider[\"registry.terraform.io/hashicorp/azurerm\"]",
      "instances": [
        {
          "schema_version": 1,
          "attributes": {
            "access_tier": "Hot",
            "cache_control": "",
            "content_md5": "",
            "content_type": "application/octet-stream",
            "id": "https://stadv01.blob.core.windows.net/sta-container-dv-01/sta-blob-dv-01",
            "metadata": {},
            "name": "sta-blob-dv-01",
            "parallelism": 8,
            "size": 0,
            "source": "./source/blob-file.txt",
            "source_content": null,
            "source_uri": null,
            "storage_account_name": "stadv01",
            "storage_container_name": "sta-container-dv-01",
            "timeouts": null,
            "type": "Block",
            "url": "https://stadv01.blob.core.windows.net/sta-container-dv-01/sta-blob-dv-01"
          },
          "sensitive_attributes": [],
          "private": "eyJlMmJmYjczMC1lY2FhLTExZTYtOGY4OC0zNDM2M2JjN2M0YzAiOnsiY3JlYXRlIjoxODAwMDAwMDAwMDAwLCJkZWxldGUiOjE4MDAwMDAwMDAwMDAsInJlYWQiOjMwMDAwMDAwMDAwMCwidXBkYXRlIjoxODAwMDAwMDAwMDAwfSwic2NoZW1hX3ZlcnNpb24iOiIxIn0=",
          "dependencies": [
            "data.external.my_p_ip",
            "module.networking_module.azurerm_network_security_group.appnsg",
            "module.networking_module.azurerm_resource_group.appgrp",
            "module.networking_module.azurerm_subnet.subnet-dv",
            "module.networking_module.azurerm_subnet_network_security_group_association.appnsg-link",
            "module.networking_module.azurerm_virtual_network.appnetwork",
            "module.storage_module.azurerm_storage_account.storage",
            "module.storage_module.azurerm_storage_container.container"
          ]
        }
      ]
    },
    {
      "module": "module.storage_module",
      "mode": "managed",
      "type": "azurerm_storage_container",
      "name": "container",
      "provider": "provider[\"registry.terraform.io/hashicorp/azurerm\"]",
      "instances": [
        {
          "schema_version": 1,
          "attributes": {
            "container_access_type": "container",
            "has_immutability_policy": false,
            "has_legal_hold": false,
            "id": "https://stadv01.blob.core.windows.net/sta-container-dv-01",
            "metadata": {},
            "name": "sta-container-dv-01",
            "resource_manager_id": "/subscriptions/fdb68cea-7096-4d6b-be1e-014c9bbbbdf6/resourceGroups/rg-dv-app-01/providers/Microsoft.Storage/storageAccounts/stadv01/blobServices/default/containers/sta-container-dv-01",
            "storage_account_name": "stadv01",
            "timeouts": null
          },
          "sensitive_attributes": [],
          "private": "eyJlMmJmYjczMC1lY2FhLTExZTYtOGY4OC0zNDM2M2JjN2M0YzAiOnsiY3JlYXRlIjoxODAwMDAwMDAwMDAwLCJkZWxldGUiOjE4MDAwMDAwMDAwMDAsInJlYWQiOjMwMDAwMDAwMDAwMCwidXBkYXRlIjoxODAwMDAwMDAwMDAwfSwic2NoZW1hX3ZlcnNpb24iOiIxIn0=",
          "dependencies": [
            "data.external.my_p_ip",
            "module.networking_module.azurerm_network_security_group.appnsg",
            "module.networking_module.azurerm_resource_group.appgrp",
            "module.networking_module.azurerm_subnet.subnet-dv",
            "module.networking_module.azurerm_subnet_network_security_group_association.appnsg-link",
            "module.networking_module.azurerm_virtual_network.appnetwork",
            "module.storage_module.azurerm_storage_account.storage"
          ]
        }
      ]
    }
  ],
  "check_results": null
}
